// !$*UTF8*$!
{
	archiveVersion = 1;
	classes = {
	};
	objectVersion = 46;
	objects = {

/* Begin PBXBuildFile section */
		629B13C6109123B88344B9E9 /* libPods.a in Frameworks */ = {isa = PBXBuildFile; fileRef = 7811BA44EE2CE0156A724525 /* libPods.a */; };
		D05184AD19F5D115000A7F3F /* PhotoCell.m in Sources */ = {isa = PBXBuildFile; fileRef = D05184AC19F5D115000A7F3F /* PhotoCell.m */; };
		D09B169219F5BF5B008F8DCB /* main.m in Sources */ = {isa = PBXBuildFile; fileRef = D09B169119F5BF5B008F8DCB /* main.m */; };
		D09B169519F5BF5B008F8DCB /* AppDelegate.m in Sources */ = {isa = PBXBuildFile; fileRef = D09B169419F5BF5B008F8DCB /* AppDelegate.m */; };
		D09B169D19F5BF5B008F8DCB /* Images.xcassets in Resources */ = {isa = PBXBuildFile; fileRef = D09B169C19F5BF5B008F8DCB /* Images.xcassets */; };
		D09B16AC19F5BF5B008F8DCB /* PhotoBombersTests.m in Sources */ = {isa = PBXBuildFile; fileRef = D09B16AB19F5BF5B008F8DCB /* PhotoBombersTests.m */; };
		D09B16B719F5BFB8008F8DCB /* PhotosViewController.m in Sources */ = {isa = PBXBuildFile; fileRef = D09B16B619F5BFB8008F8DCB /* PhotosViewController.m */; };
		D0D9FB3E19F7240B003CA3F9 /* PhotoController.m in Sources */ = {isa = PBXBuildFile; fileRef = D0D9FB3D19F7240B003CA3F9 /* PhotoController.m */; };
		D0D9FB4119F72613003CA3F9 /* DetailViewController.m in Sources */ = {isa = PBXBuildFile; fileRef = D0D9FB4019F72613003CA3F9 /* DetailViewController.m */; };
		D0D9FB4419F72A0E003CA3F9 /* PresentDetailTransition.m in Sources */ = {isa = PBXBuildFile; fileRef = D0D9FB4319F72A0E003CA3F9 /* PresentDetailTransition.m */; };
		D0D9FB4719F72D41003CA3F9 /* DismissDetailTransition.m in Sources */ = {isa = PBXBuildFile; fileRef = D0D9FB4619F72D41003CA3F9 /* DismissDetailTransition.m */; };
/* End PBXBuildFile section */

/* Begin PBXContainerItemProxy section */
		D09B16A619F5BF5B008F8DCB /* PBXContainerItemProxy */ = {
			isa = PBXContainerItemProxy;
			containerPortal = D09B168419F5BF5B008F8DCB /* Project object */;
			proxyType = 1;
			remoteGlobalIDString = D09B168B19F5BF5B008F8DCB;
			remoteInfo = PhotoBombers;
		};
/* End PBXContainerItemProxy section */

/* Begin PBXFileReference section */
		11884744F4D26218A151E79E /* Pods.release.xcconfig */ = {isa = PBXFileReference; includeInIndex = 1; lastKnownFileType = text.xcconfig; name = Pods.release.xcconfig; path = "Pods/Target Support Files/Pods/Pods.release.xcconfig"; sourceTree = "<group>"; };
		7811BA44EE2CE0156A724525 /* libPods.a */ = {isa = PBXFileReference; explicitFileType = archive.ar; includeInIndex = 0; path = libPods.a; sourceTree = BUILT_PRODUCTS_DIR; };
		D05184AB19F5D115000A7F3F /* PhotoCell.h */ = {isa = PBXFileReference; fileEncoding = 4; lastKnownFileType = sourcecode.c.h; path = PhotoCell.h; sourceTree = "<group>"; };
		D05184AC19F5D115000A7F3F /* PhotoCell.m */ = {isa = PBXFileReference; fileEncoding = 4; lastKnownFileType = sourcecode.c.objc; path = PhotoCell.m; sourceTree = "<group>"; };
		D09B168C19F5BF5B008F8DCB /* PhotoBombers.app */ = {isa = PBXFileReference; explicitFileType = wrapper.application; includeInIndex = 0; path = PhotoBombers.app; sourceTree = BUILT_PRODUCTS_DIR; };
		D09B169019F5BF5B008F8DCB /* Info.plist */ = {isa = PBXFileReference; lastKnownFileType = text.plist.xml; path = Info.plist; sourceTree = "<group>"; };
		D09B169119F5BF5B008F8DCB /* main.m */ = {isa = PBXFileReference; lastKnownFileType = sourcecode.c.objc; path = main.m; sourceTree = "<group>"; };
		D09B169319F5BF5B008F8DCB /* AppDelegate.h */ = {isa = PBXFileReference; lastKnownFileType = sourcecode.c.h; path = AppDelegate.h; sourceTree = "<group>"; };
		D09B169419F5BF5B008F8DCB /* AppDelegate.m */ = {isa = PBXFileReference; lastKnownFileType = sourcecode.c.objc; path = AppDelegate.m; sourceTree = "<group>"; };
		D09B169C19F5BF5B008F8DCB /* Images.xcassets */ = {isa = PBXFileReference; lastKnownFileType = folder.assetcatalog; path = Images.xcassets; sourceTree = "<group>"; };
		D09B16A519F5BF5B008F8DCB /* PhotoBombersTests.xctest */ = {isa = PBXFileReference; explicitFileType = wrapper.cfbundle; includeInIndex = 0; path = PhotoBombersTests.xctest; sourceTree = BUILT_PRODUCTS_DIR; };
		D09B16AA19F5BF5B008F8DCB /* Info.plist */ = {isa = PBXFileReference; lastKnownFileType = text.plist.xml; path = Info.plist; sourceTree = "<group>"; };
		D09B16AB19F5BF5B008F8DCB /* PhotoBombersTests.m */ = {isa = PBXFileReference; lastKnownFileType = sourcecode.c.objc; path = PhotoBombersTests.m; sourceTree = "<group>"; };
		D09B16B519F5BFB8008F8DCB /* PhotosViewController.h */ = {isa = PBXFileReference; fileEncoding = 4; lastKnownFileType = sourcecode.c.h; path = PhotosViewController.h; sourceTree = "<group>"; };
		D09B16B619F5BFB8008F8DCB /* PhotosViewController.m */ = {isa = PBXFileReference; fileEncoding = 4; lastKnownFileType = sourcecode.c.objc; path = PhotosViewController.m; sourceTree = "<group>"; };
		D0D9FB3C19F7240B003CA3F9 /* PhotoController.h */ = {isa = PBXFileReference; fileEncoding = 4; lastKnownFileType = sourcecode.c.h; path = PhotoController.h; sourceTree = "<group>"; };
		D0D9FB3D19F7240B003CA3F9 /* PhotoController.m */ = {isa = PBXFileReference; fileEncoding = 4; lastKnownFileType = sourcecode.c.objc; path = PhotoController.m; sourceTree = "<group>"; };
		D0D9FB3F19F72613003CA3F9 /* DetailViewController.h */ = {isa = PBXFileReference; fileEncoding = 4; lastKnownFileType = sourcecode.c.h; path = DetailViewController.h; sourceTree = "<group>"; };
		D0D9FB4019F72613003CA3F9 /* DetailViewController.m */ = {isa = PBXFileReference; fileEncoding = 4; lastKnownFileType = sourcecode.c.objc; path = DetailViewController.m; sourceTree = "<group>"; };
		D0D9FB4219F72A0E003CA3F9 /* PresentDetailTransition.h */ = {isa = PBXFileReference; fileEncoding = 4; lastKnownFileType = sourcecode.c.h; path = PresentDetailTransition.h; sourceTree = "<group>"; };
		D0D9FB4319F72A0E003CA3F9 /* PresentDetailTransition.m */ = {isa = PBXFileReference; fileEncoding = 4; lastKnownFileType = sourcecode.c.objc; path = PresentDetailTransition.m; sourceTree = "<group>"; };
		D0D9FB4519F72D41003CA3F9 /* DismissDetailTransition.h */ = {isa = PBXFileReference; fileEncoding = 4; lastKnownFileType = sourcecode.c.h; path = DismissDetailTransition.h; sourceTree = "<group>"; };
		D0D9FB4619F72D41003CA3F9 /* DismissDetailTransition.m */ = {isa = PBXFileReference; fileEncoding = 4; lastKnownFileType = sourcecode.c.objc; path = DismissDetailTransition.m; sourceTree = "<group>"; };
		DDF386627E87BFDF4A372A3E /* Pods.debug.xcconfig */ = {isa = PBXFileReference; includeInIndex = 1; lastKnownFileType = text.xcconfig; name = Pods.debug.xcconfig; path = "Pods/Target Support Files/Pods/Pods.debug.xcconfig"; sourceTree = "<group>"; };
/* End PBXFileReference section */

/* Begin PBXFrameworksBuildPhase section */
		D09B168919F5BF5B008F8DCB /* Frameworks */ = {
			isa = PBXFrameworksBuildPhase;
			buildActionMask = 2147483647;
			files = (
				629B13C6109123B88344B9E9 /* libPods.a in Frameworks */,
			);
			runOnlyForDeploymentPostprocessing = 0;
		};
		D09B16A219F5BF5B008F8DCB /* Frameworks */ = {
			isa = PBXFrameworksBuildPhase;
			buildActionMask = 2147483647;
			files = (
			);
			runOnlyForDeploymentPostprocessing = 0;
		};
/* End PBXFrameworksBuildPhase section */

/* Begin PBXGroup section */
		0BD02B23E5B7D44C8710D90D /* Pods */ = {
			isa = PBXGroup;
			children = (
				DDF386627E87BFDF4A372A3E /* Pods.debug.xcconfig */,
				11884744F4D26218A151E79E /* Pods.release.xcconfig */,
			);
			name = Pods;
			sourceTree = "<group>";
		};
		613963A7BD413C0A1437D8D5 /* Frameworks */ = {
			isa = PBXGroup;
			children = (
				7811BA44EE2CE0156A724525 /* libPods.a */,
			);
			name = Frameworks;
			sourceTree = "<group>";
		};
		D09B168319F5BF5B008F8DCB = {
			isa = PBXGroup;
			children = (
				D09B168E19F5BF5B008F8DCB /* PhotoBombers */,
				D09B16A819F5BF5B008F8DCB /* PhotoBombersTests */,
				D09B168D19F5BF5B008F8DCB /* Products */,
				0BD02B23E5B7D44C8710D90D /* Pods */,
				613963A7BD413C0A1437D8D5 /* Frameworks */,
			);
			sourceTree = "<group>";
		};
		D09B168D19F5BF5B008F8DCB /* Products */ = {
			isa = PBXGroup;
			children = (
				D09B168C19F5BF5B008F8DCB /* PhotoBombers.app */,
				D09B16A519F5BF5B008F8DCB /* PhotoBombersTests.xctest */,
			);
			name = Products;
			sourceTree = "<group>";
		};
		D09B168E19F5BF5B008F8DCB /* PhotoBombers */ = {
			isa = PBXGroup;
			children = (
				D09B169319F5BF5B008F8DCB /* AppDelegate.h */,
				D09B169419F5BF5B008F8DCB /* AppDelegate.m */,
				D09B16B519F5BFB8008F8DCB /* PhotosViewController.h */,
				D09B16B619F5BFB8008F8DCB /* PhotosViewController.m */,
				D0D9FB3F19F72613003CA3F9 /* DetailViewController.h */,
				D0D9FB4019F72613003CA3F9 /* DetailViewController.m */,
				D0D9FB3C19F7240B003CA3F9 /* PhotoController.h */,
				D0D9FB3D19F7240B003CA3F9 /* PhotoController.m */,
				D05184AB19F5D115000A7F3F /* PhotoCell.h */,
				D05184AC19F5D115000A7F3F /* PhotoCell.m */,
				D0D9FB4219F72A0E003CA3F9 /* PresentDetailTransition.h */,
				D0D9FB4319F72A0E003CA3F9 /* PresentDetailTransition.m */,
				D0D9FB4519F72D41003CA3F9 /* DismissDetailTransition.h */,
				D0D9FB4619F72D41003CA3F9 /* DismissDetailTransition.m */,
				D09B169C19F5BF5B008F8DCB /* Images.xcassets */,
				D09B168F19F5BF5B008F8DCB /* Supporting Files */,
			);
			path = PhotoBombers;
			sourceTree = "<group>";
		};
		D09B168F19F5BF5B008F8DCB /* Supporting Files */ = {
			isa = PBXGroup;
			children = (
				D09B169019F5BF5B008F8DCB /* Info.plist */,
				D09B169119F5BF5B008F8DCB /* main.m */,
			);
			name = "Supporting Files";
			sourceTree = "<group>";
		};
		D09B16A819F5BF5B008F8DCB /* PhotoBombersTests */ = {
			isa = PBXGroup;
			children = (
				D09B16AB19F5BF5B008F8DCB /* PhotoBombersTests.m */,
				D09B16A919F5BF5B008F8DCB /* Supporting Files */,
			);
			path = PhotoBombersTests;
			sourceTree = "<group>";
		};
		D09B16A919F5BF5B008F8DCB /* Supporting Files */ = {
			isa = PBXGroup;
			children = (
				D09B16AA19F5BF5B008F8DCB /* Info.plist */,
			);
			name = "Supporting Files";
			sourceTree = "<group>";
		};
/* End PBXGroup section */

/* Begin PBXNativeTarget section */
		D09B168B19F5BF5B008F8DCB /* PhotoBombers */ = {
			isa = PBXNativeTarget;
			buildConfigurationList = D09B16AF19F5BF5B008F8DCB /* Build configuration list for PBXNativeTarget "PhotoBombers" */;
			buildPhases = (
				4AD2FEC06209AE9F2D683699 /* Check Pods Manifest.lock */,
				D09B168819F5BF5B008F8DCB /* Sources */,
				D09B168919F5BF5B008F8DCB /* Frameworks */,
				D09B168A19F5BF5B008F8DCB /* Resources */,
				A630E21B963505F8BA0B2381 /* Copy Pods Resources */,
			);
			buildRules = (
			);
			dependencies = (
			);
			name = PhotoBombers;
			productName = PhotoBombers;
			productReference = D09B168C19F5BF5B008F8DCB /* PhotoBombers.app */;
			productType = "com.apple.product-type.application";
		};
		D09B16A419F5BF5B008F8DCB /* PhotoBombersTests */ = {
			isa = PBXNativeTarget;
			buildConfigurationList = D09B16B219F5BF5B008F8DCB /* Build configuration list for PBXNativeTarget "PhotoBombersTests" */;
			buildPhases = (
				D09B16A119F5BF5B008F8DCB /* Sources */,
				D09B16A219F5BF5B008F8DCB /* Frameworks */,
				D09B16A319F5BF5B008F8DCB /* Resources */,
			);
			buildRules = (
			);
			dependencies = (
				D09B16A719F5BF5B008F8DCB /* PBXTargetDependency */,
			);
			name = PhotoBombersTests;
			productName = PhotoBombersTests;
			productReference = D09B16A519F5BF5B008F8DCB /* PhotoBombersTests.xctest */;
			productType = "com.apple.product-type.bundle.unit-test";
		};
/* End PBXNativeTarget section */

/* Begin PBXProject section */
		D09B168419F5BF5B008F8DCB /* Project object */ = {
			isa = PBXProject;
			attributes = {
				LastUpgradeCheck = 0600;
				ORGANIZATIONNAME = Eland;
				TargetAttributes = {
					D09B168B19F5BF5B008F8DCB = {
						CreatedOnToolsVersion = 6.0.1;
					};
					D09B16A419F5BF5B008F8DCB = {
						CreatedOnToolsVersion = 6.0.1;
						TestTargetID = D09B168B19F5BF5B008F8DCB;
					};
				};
			};
			buildConfigurationList = D09B168719F5BF5B008F8DCB /* Build configuration list for PBXProject "PhotoBombers" */;
			compatibilityVersion = "Xcode 3.2";
			developmentRegion = English;
			hasScannedForEncodings = 0;
			knownRegions = (
				en,
				Base,
			);
			mainGroup = D09B168319F5BF5B008F8DCB;
			productRefGroup = D09B168D19F5BF5B008F8DCB /* Products */;
			projectDirPath = "";
			projectRoot = "";
			targets = (
				D09B168B19F5BF5B008F8DCB /* PhotoBombers */,
				D09B16A419F5BF5B008F8DCB /* PhotoBombersTests */,
			);
		};
/* End PBXProject section */

/* Begin PBXResourcesBuildPhase section */
		D09B168A19F5BF5B008F8DCB /* Resources */ = {
			isa = PBXResourcesBuildPhase;
			buildActionMask = 2147483647;
			files = (
				D09B169D19F5BF5B008F8DCB /* Images.xcassets in Resources */,
			);
			runOnlyForDeploymentPostprocessing = 0;
		};
		D09B16A319F5BF5B008F8DCB /* Resources */ = {
			isa = PBXResourcesBuildPhase;
			buildActionMask = 2147483647;
			files = (
			);
			runOnlyForDeploymentPostprocessing = 0;
		};
/* End PBXResourcesBuildPhase section */

/* Begin PBXShellScriptBuildPhase section */
		4AD2FEC06209AE9F2D683699 /* Check Pods Manifest.lock */ = {
			isa = PBXShellScriptBuildPhase;
			buildActionMask = 2147483647;
			files = (
			);
			inputPaths = (
			);
			name = "Check Pods Manifest.lock";
			outputPaths = (
			);
			runOnlyForDeploymentPostprocessing = 0;
			shellPath = /bin/sh;
			shellScript = "diff \"${PODS_ROOT}/../Podfile.lock\" \"${PODS_ROOT}/Manifest.lock\" > /dev/null\nif [[ $? != 0 ]] ; then\n    cat << EOM\nerror: The sandbox is not in sync with the Podfile.lock. Run 'pod install' or update your CocoaPods installation.\nEOM\n    exit 1\nfi\n";
			showEnvVarsInLog = 0;
		};
		A630E21B963505F8BA0B2381 /* Copy Pods Resources */ = {
			isa = PBXShellScriptBuildPhase;
			buildActionMask = 2147483647;
			files = (
			);
			inputPaths = (
			);
			name = "Copy Pods Resources";
			outputPaths = (
			);
			runOnlyForDeploymentPostprocessing = 0;
			shellPath = /bin/sh;
			shellScript = "\"${SRCROOT}/Pods/Target Support Files/Pods/Pods-resources.sh\"\n";
			showEnvVarsInLog = 0;
		};
/* End PBXShellScriptBuildPhase section */

/* Begin PBXSourcesBuildPhase section */
		D09B168819F5BF5B008F8DCB /* Sources */ = {
			isa = PBXSourcesBuildPhase;
			buildActionMask = 2147483647;
			files = (
				D05184AD19F5D115000A7F3F /* PhotoCell.m in Sources */,
				D09B16B719F5BFB8008F8DCB /* PhotosViewController.m in Sources */,
				D09B169519F5BF5B008F8DCB /* AppDelegate.m in Sources */,
				D09B169219F5BF5B008F8DCB /* main.m in Sources */,
				D0D9FB4419F72A0E003CA3F9 /* PresentDetailTransition.m in Sources */,
				D0D9FB3E19F7240B003CA3F9 /* PhotoController.m in Sources */,
				D0D9FB4719F72D41003CA3F9 /* DismissDetailTransition.m in Sources */,
				D0D9FB4119F72613003CA3F9 /* DetailViewController.m in Sources */,
			);
			runOnlyForDeploymentPostprocessing = 0;
		};
		D09B16A119F5BF5B008F8DCB /* Sources */ = {
			isa = PBXSourcesBuildPhase;
			buildActionMask = 2147483647;
			files = (
				D09B16AC19F5BF5B008F8DCB /* PhotoBombersTests.m in Sources */,
			);
			runOnlyForDeploymentPostprocessing = 0;
		};
/* End PBXSourcesBuildPhase section */

/* Begin PBXTargetDependency section */
		D09B16A719F5BF5B008F8DCB /* PBXTargetDependency */ = {
			isa = PBXTargetDependency;
			target = D09B168B19F5BF5B008F8DCB /* PhotoBombers */;
			targetProxy = D09B16A619F5BF5B008F8DCB /* PBXContainerItemProxy */;
		};
/* End PBXTargetDependency section */

/* Begin XCBuildConfiguration section */
		D09B16AD19F5BF5B008F8DCB /* Debug */ = {
			isa = XCBuildConfiguration;
			buildSettings = {
				ALWAYS_SEARCH_USER_PATHS = NO;
				CLANG_CXX_LANGUAGE_STANDARD = "gnu++0x";
				CLANG_CXX_LIBRARY = "libc++";
				CLANG_ENABLE_MODULES = YES;
				CLANG_ENABLE_OBJC_ARC = YES;
				CLANG_WARN_BOOL_CONVERSION = YES;
				CLANG_WARN_CONSTANT_CONVERSION = YES;
				CLANG_WARN_DIRECT_OBJC_ISA_USAGE = YES_ERROR;
				CLANG_WARN_EMPTY_BODY = YES;
				CLANG_WARN_ENUM_CONVERSION = YES;
				CLANG_WARN_INT_CONVERSION = YES;
				CLANG_WARN_OBJC_ROOT_CLASS = YES_ERROR;
				CLANG_WARN_UNREACHABLE_CODE = YES;
				CLANG_WARN__DUPLICATE_METHOD_MATCH = YES;
				"CODE_SIGN_IDENTITY[sdk=iphoneos*]" = "iPhone Developer";
				COPY_PHASE_STRIP = NO;
				ENABLE_STRICT_OBJC_MSGSEND = YES;
				GCC_C_LANGUAGE_STANDARD = gnu99;
				GCC_DYNAMIC_NO_PIC = NO;
				GCC_OPTIMIZATION_LEVEL = 0;
				GCC_PREPROCESSOR_DEFINITIONS = (
					"DEBUG=1",
					"$(inherited)",
				);
				GCC_SYMBOLS_PRIVATE_EXTERN = NO;
				GCC_WARN_64_TO_32_BIT_CONVERSION = YES;
				GCC_WARN_ABOUT_RETURN_TYPE = YES_ERROR;
				GCC_WARN_UNDECLARED_SELECTOR = YES;
				GCC_WARN_UNINITIALIZED_AUTOS = YES_AGGRESSIVE;
				GCC_WARN_UNUSED_FUNCTION = YES;
				GCC_WARN_UNUSED_VARIABLE = YES;
				IPHONEOS_DEPLOYMENT_TARGET = 8.0;
				MTL_ENABLE_DEBUG_INFO = YES;
				ONLY_ACTIVE_ARCH = YES;
				SDKROOT = iphoneos;
			};
			name = Debug;
		};
		D09B16AE19F5BF5B008F8DCB /* Release */ = {
			isa = XCBuildConfiguration;
			buildSettings = {
				ALWAYS_SEARCH_USER_PATHS = NO;
				CLANG_CXX_LANGUAGE_STANDARD = "gnu++0x";
				CLANG_CXX_LIBRARY = "libc++";
				CLANG_ENABLE_MODULES = YES;
				CLANG_ENABLE_OBJC_ARC = YES;
				CLANG_WARN_BOOL_CONVERSION = YES;
				CLANG_WARN_CONSTANT_CONVERSION = YES;
				CLANG_WARN_DIRECT_OBJC_ISA_USAGE = YES_ERROR;
				CLANG_WARN_EMPTY_BODY = YES;
				CLANG_WARN_ENUM_CONVERSION = YES;
				CLANG_WARN_INT_CONVERSION = YES;
				CLANG_WARN_OBJC_ROOT_CLASS = YES_ERROR;
				CLANG_WARN_UNREACHABLE_CODE = YES;
				CLANG_WARN__DUPLICATE_METHOD_MATCH = YES;
				"CODE_SIGN_IDENTITY[sdk=iphoneos*]" = "iPhone Developer";
				COPY_PHASE_STRIP = YES;
				ENABLE_NS_ASSERTIONS = NO;
				ENABLE_STRICT_OBJC_MSGSEND = YES;
				GCC_C_LANGUAGE_STANDARD = gnu99;
				GCC_WARN_64_TO_32_BIT_CONVERSION = YES;
				GCC_WARN_ABOUT_RETURN_TYPE = YES_ERROR;
				GCC_WARN_UNDECLARED_SELECTOR = YES;
				GCC_WARN_UNINITIALIZED_AUTOS = YES_AGGRESSIVE;
				GCC_WARN_UNUSED_FUNCTION = YES;
				GCC_WARN_UNUSED_VARIABLE = YES;
				IPHONEOS_DEPLOYMENT_TARGET = 8.0;
				MTL_ENABLE_DEBUG_INFO = NO;
				SDKROOT = iphoneos;
				VALIDATE_PRODUCT = YES;
			};
			name = Release;
		};
		D09B16B019F5BF5B008F8DCB /* Debug */ = {
			isa = XCBuildConfiguration;
			baseConfigurationReference = DDF386627E87BFDF4A372A3E /* Pods.debug.xcconfig */;
			buildSettings = {
				ASSETCATALOG_COMPILER_APPICON_NAME = AppIcon;
				INFOPLIST_FILE = PhotoBombers/Info.plist;
				LD_RUNPATH_SEARCH_PATHS = "$(inherited) @executable_path/Frameworks";
				PRODUCT_NAME = "$(TARGET_NAME)";
			};
			name = Debug;
		};
		D09B16B119F5BF5B008F8DCB /* Release */ = {
			isa = XCBuildConfiguration;
			baseConfigurationReference = 11884744F4D26218A151E79E /* Pods.release.xcconfig */;
			buildSettings = {
				ASSETCATALOG_COMPILER_APPICON_NAME = AppIcon;
				INFOPLIST_FILE = PhotoBombers/Info.plist;
				LD_RUNPATH_SEARCH_PATHS = "$(inherited) @executable_path/Frameworks";
				PRODUCT_NAME = "$(TARGET_NAME)";
			};
			name = Release;
		};
		D09B16B319F5BF5B008F8DCB /* Debug */ = {
			isa = XCBuildConfiguration;
			buildSettings = {
				BUNDLE_LOADER = "$(TEST_HOST)";
				FRAMEWORK_SEARCH_PATHS = (
					"$(SDKROOT)/Developer/Library/Frameworks",
					"$(inherited)",
				);
				GCC_PREPROCESSOR_DEFINITIONS = (
					"DEBUG=1",
					"$(inherited)",
				);
				INFOPLIST_FILE = PhotoBombersTests/Info.plist;
				LD_RUNPATH_SEARCH_PATHS = "$(inherited) @executable_path/Frameworks @loader_path/Frameworks";
				PRODUCT_NAME = "$(TARGET_NAME)";
				TEST_HOST = "$(BUILT_PRODUCTS_DIR)/PhotoBombers.app/PhotoBombers";
			};
			name = Debug;
		};
		D09B16B419F5BF5B008F8DCB /* Release */ = {
			isa = XCBuildConfiguration;
			buildSettings = {
				BUNDLE_LOADER = "$(TEST_HOST)";
				FRAMEWORK_SEARCH_PATHS = (
					"$(SDKROOT)/Developer/Library/Frameworks",
					"$(inherited)",
				);
				INFOPLIST_FILE = PhotoBombersTests/Info.plist;
				LD_RUNPATH_SEARCH_PATHS = "$(inherited) @executable_path/Frameworks @loader_path/Frameworks";
				PRODUCT_NAME = "$(TARGET_NAME)";
				TEST_HOST = "$(BUILT_PRODUCTS_DIR)/PhotoBombers.app/PhotoBombers";
			};
			name = Release;
		};
/* End XCBuildConfiguration section */

/* Begin XCConfigurationList section */
		D09B168719F5BF5B008F8DCB /* Build configuration list for PBXProject "PhotoBombers" */ = {
			isa = XCConfigurationList;
			buildConfigurations = (
				D09B16AD19F5BF5B008F8DCB /* Debug */,
				D09B16AE19F5BF5B008F8DCB /* Release */,
			);
			defaultConfigurationIsVisible = 0;
			defaultConfigurationName = Release;
		};
		D09B16AF19F5BF5B008F8DCB /* Build configuration list for PBXNativeTarget "PhotoBombers" */ = {
			isa = XCConfigurationList;
			buildConfigurations = (
				D09B16B019F5BF5B008F8DCB /* Debug */,
				D09B16B119F5BF5B008F8DCB /* Release */,
			);
			defaultConfigurationIsVisible = 0;
			defaultConfigurationName = Release;
		};
		D09B16B219F5BF5B008F8DCB /* Build configuration list for PBXNativeTarget "PhotoBombersTests" */ = {
			isa = XCConfigurationList;
			buildConfigurations = (
				D09B16B319F5BF5B008F8DCB /* Debug */,
				D09B16B419F5BF5B008F8DCB /* Release */,
			);
			defaultConfigurationIsVisible = 0;
			defaultConfigurationName = Release;
		};
/* End XCConfigurationList section */
	};
	rootObject = D09B168419F5BF5B008F8DCB /* Project object */;
}
